
Microsoft Visual Studio Solution File, Format Version 12.00
# Visual Studio Version 16
VisualStudioVersion = 16.0.31129.286
MinimumVisualStudioVersion = 10.0.40219.1
Project("{9A19103F-16F7-4668-BE54-9A1E7A4F7556}") = "NotebookBotAPI", "NotebookBotAPI\NotebookBotAPI.csproj", "{EE1B33EC-78CE-45EA-8BC1-E749013C82DE}"
EndProject
Project("{FAE04EC0-301F-11D3-BF4B-00C04F79EFBC}") = "TestProject", "TestProject\TestProject.csproj", "{8208969B-0233-4FC3-AF7C-B1E8A7B4D240}"
EndProject
Global
	GlobalSection(SolutionConfigurationPlatforms) = preSolution
		Debug|Any CPU = Debug|Any CPU
		Release|Any CPU = Release|Any CPU
	EndGlobalSection
	GlobalSection(ProjectConfigurationPlatforms) = postSolution
		{EE1B33EC-78CE-45EA-8BC1-E749013C82DE}.Debug|Any CPU.ActiveCfg = Debug|Any CPU
		{EE1B33EC-78CE-45EA-8BC1-E749013C82DE}.Debug|Any CPU.Build.0 = Debug|Any CPU
		{EE1B33EC-78CE-45EA-8BC1-E749013C82DE}.Release|Any CPU.ActiveCfg = Release|Any CPU
		{EE1B33EC-78CE-45EA-8BC1-E749013C82DE}.Release|Any CPU.Build.0 = Release|Any CPU
		{8208969B-0233-4FC3-AF7C-B1E8A7B4D240}.Debug|Any CPU.ActiveCfg = Debug|Any CPU
		{8208969B-0233-4FC3-AF7C-B1E8A7B4D240}.Debug|Any CPU.Build.0 = Debug|Any CPU
		{8208969B-0233-4FC3-AF7C-B1E8A7B4D240}.Release|Any CPU.ActiveCfg = Release|Any CPU
		{8208969B-0233-4FC3-AF7C-B1E8A7B4D240}.Release|Any CPU.Build.0 = Release|Any CPU
	EndGlobalSection
	GlobalSection(SolutionProperties) = preSolution
		HideSolutionNode = FALSE
	EndGlobalSection
	GlobalSection(ExtensibilityGlobals) = postSolution
		SolutionGuid = {0920F9BB-3A1C-4C83-9B85-0341AAF19AF2}
	EndGlobalSection
EndGlobal
